{
  "name": "smol-to-others",
  "lockfileVersion": 2,
  "requires": true,
  "packages": {
    "": {
      "dependencies": {
        "toml": "^3.0.0",
        "topl": "^0.3.1"
      }
    },
    "node_modules/toml": {
      "version": "3.0.0",
      "resolved": "https://registry.npmjs.org/toml/-/toml-3.0.0.tgz",
      "integrity": "sha512-y/mWCZinnvxjTKYhJ+pYxwD0mRLVvOtdS2Awbgxln6iEnt4rk0yBxeSBHkGJcPucRiG0e55mwWp+g/05rsrd6w=="
    },
    "node_modules/topl": {
      "version": "0.3.1",
      "resolved": "https://registry.npmjs.org/topl/-/topl-0.3.1.tgz",
      "integrity": "sha512-PgYmK6MLBIkhzg4zeoMPrjIWxx30zRVdQH1v+1vj2giDHVJY1dqUQvpMwp1G4OhxptqpSa6AAW/83JpvQ2Z8dw==",
      "engines": [
        "node"
      ]
    }
  },
  "dependencies": {
    "toml": {
      "version": "3.0.0",
      "resolved": "https://registry.npmjs.org/toml/-/toml-3.0.0.tgz",
      "integrity": "sha512-y/mWCZinnvxjTKYhJ+pYxwD0mRLVvOtdS2Awbgxln6iEnt4rk0yBxeSBHkGJcPucRiG0e55mwWp+g/05rsrd6w=="
    },
    "topl": {
      "version": "0.3.1",
      "resolved": "https://registry.npmjs.org/topl/-/topl-0.3.1.tgz",
      "integrity": "sha512-PgYmK6MLBIkhzg4zeoMPrjIWxx30zRVdQH1v+1vj2giDHVJY1dqUQvpMwp1G4OhxptqpSa6AAW/83JpvQ2Z8dw=="
    }
  }
}
